// !$*UTF8*$!
{
	archiveVersion = 1;
	classes = {
	};
	objectVersion = 56;
	objects = {

/* Begin PBXBuildFile section */
		D0F1225C2BBEFB7D005154DA /* AppDelegate.swift in Sources */ = {isa = PBXBuildFile; fileRef = D0F1225B2BBEFB7D005154DA /* AppDelegate.swift */; };
		D0F1225E2BBEFB7D005154DA /* SceneDelegate.swift in Sources */ = {isa = PBXBuildFile; fileRef = D0F1225D2BBEFB7D005154DA /* SceneDelegate.swift */; };
		D0F122602BBEFB7D005154DA /* ViewController.swift in Sources */ = {isa = PBXBuildFile; fileRef = D0F1225F2BBEFB7D005154DA /* ViewController.swift */; };
		D0F122632BBEFB7D005154DA /* Base in Resources */ = {isa = PBXBuildFile; fileRef = D0F122622BBEFB7D005154DA /* Base */; };
		D0F122652BBEFB7F005154DA /* Assets.xcassets in Resources */ = {isa = PBXBuildFile; fileRef = D0F122642BBEFB7F005154DA /* Assets.xcassets */; };
		D0F122682BBEFB7F005154DA /* Base in Resources */ = {isa = PBXBuildFile; fileRef = D0F122672BBEFB7F005154DA /* Base */; };
		D0F122712BBEFC98005154DA /* LoginViewController.swift in Sources */ = {isa = PBXBuildFile; fileRef = D0F122702BBEFC98005154DA /* LoginViewController.swift */; };
		D0F122732BBEFCA8005154DA /* WelcomeViewController.swift in Sources */ = {isa = PBXBuildFile; fileRef = D0F122722BBEFCA8005154DA /* WelcomeViewController.swift */; };
		D0F122802BBF006E005154DA /* Pretendard-Regular.otf in Resources */ = {isa = PBXBuildFile; fileRef = D0F122772BBF006D005154DA /* Pretendard-Regular.otf */; };
		D0F122812BBF006E005154DA /* Pretendard-ExtraBold.otf in Resources */ = {isa = PBXBuildFile; fileRef = D0F122782BBF006E005154DA /* Pretendard-ExtraBold.otf */; };
		D0F122822BBF006E005154DA /* Pretendard-Bold.otf in Resources */ = {isa = PBXBuildFile; fileRef = D0F122792BBF006E005154DA /* Pretendard-Bold.otf */; };
		D0F122832BBF006E005154DA /* Pretendard-SemiBold.otf in Resources */ = {isa = PBXBuildFile; fileRef = D0F1227A2BBF006E005154DA /* Pretendard-SemiBold.otf */; };
		D0F122842BBF006E005154DA /* Pretendard-Black.otf in Resources */ = {isa = PBXBuildFile; fileRef = D0F1227B2BBF006E005154DA /* Pretendard-Black.otf */; };
		D0F122852BBF006E005154DA /* Pretendard-Light.otf in Resources */ = {isa = PBXBuildFile; fileRef = D0F1227C2BBF006E005154DA /* Pretendard-Light.otf */; };
		D0F122862BBF006E005154DA /* Pretendard-Medium.otf in Resources */ = {isa = PBXBuildFile; fileRef = D0F1227D2BBF006E005154DA /* Pretendard-Medium.otf */; };
		D0F122872BBF006E005154DA /* Pretendard-ExtraLight.otf in Resources */ = {isa = PBXBuildFile; fileRef = D0F1227E2BBF006E005154DA /* Pretendard-ExtraLight.otf */; };
		D0F122882BBF006E005154DA /* Pretendard-Thin.otf in Resources */ = {isa = PBXBuildFile; fileRef = D0F1227F2BBF006E005154DA /* Pretendard-Thin.otf */; };
		D0F1228B2BBF04C6005154DA /* UITextField+.swift in Sources */ = {isa = PBXBuildFile; fileRef = D0F1228A2BBF04C6005154DA /* UITextField+.swift */; };
/* End PBXBuildFile section */

/* Begin PBXFileReference section */
		D0F122582BBEFB7D005154DA /* 34th-Sopt-Seminar.app */ = {isa = PBXFileReference; explicitFileType = wrapper.application; includeInIndex = 0; path = "34th-Sopt-Seminar.app"; sourceTree = BUILT_PRODUCTS_DIR; };
		D0F1225B2BBEFB7D005154DA /* AppDelegate.swift */ = {isa = PBXFileReference; lastKnownFileType = sourcecode.swift; path = AppDelegate.swift; sourceTree = "<group>"; };
		D0F1225D2BBEFB7D005154DA /* SceneDelegate.swift */ = {isa = PBXFileReference; lastKnownFileType = sourcecode.swift; path = SceneDelegate.swift; sourceTree = "<group>"; };
		D0F1225F2BBEFB7D005154DA /* ViewController.swift */ = {isa = PBXFileReference; lastKnownFileType = sourcecode.swift; path = ViewController.swift; sourceTree = "<group>"; };
		D0F122622BBEFB7D005154DA /* Base */ = {isa = PBXFileReference; lastKnownFileType = file.storyboard; name = Base; path = Base.lproj/Main.storyboard; sourceTree = "<group>"; };
		D0F122642BBEFB7F005154DA /* Assets.xcassets */ = {isa = PBXFileReference; lastKnownFileType = folder.assetcatalog; path = Assets.xcassets; sourceTree = "<group>"; };
		D0F122672BBEFB7F005154DA /* Base */ = {isa = PBXFileReference; lastKnownFileType = file.storyboard; name = Base; path = Base.lproj/LaunchScreen.storyboard; sourceTree = "<group>"; };
		D0F122692BBEFB7F005154DA /* Info.plist */ = {isa = PBXFileReference; lastKnownFileType = text.plist.xml; path = Info.plist; sourceTree = "<group>"; };
		D0F122702BBEFC98005154DA /* LoginViewController.swift */ = {isa = PBXFileReference; lastKnownFileType = sourcecode.swift; path = LoginViewController.swift; sourceTree = "<group>"; };
		D0F122722BBEFCA8005154DA /* WelcomeViewController.swift */ = {isa = PBXFileReference; lastKnownFileType = sourcecode.swift; path = WelcomeViewController.swift; sourceTree = "<group>"; };
		D0F122772BBF006D005154DA /* Pretendard-Regular.otf */ = {isa = PBXFileReference; lastKnownFileType = file; path = "Pretendard-Regular.otf"; sourceTree = "<group>"; };
		D0F122782BBF006E005154DA /* Pretendard-ExtraBold.otf */ = {isa = PBXFileReference; lastKnownFileType = file; path = "Pretendard-ExtraBold.otf"; sourceTree = "<group>"; };
		D0F122792BBF006E005154DA /* Pretendard-Bold.otf */ = {isa = PBXFileReference; lastKnownFileType = file; path = "Pretendard-Bold.otf"; sourceTree = "<group>"; };
		D0F1227A2BBF006E005154DA /* Pretendard-SemiBold.otf */ = {isa = PBXFileReference; lastKnownFileType = file; path = "Pretendard-SemiBold.otf"; sourceTree = "<group>"; };
		D0F1227B2BBF006E005154DA /* Pretendard-Black.otf */ = {isa = PBXFileReference; lastKnownFileType = file; path = "Pretendard-Black.otf"; sourceTree = "<group>"; };
		D0F1227C2BBF006E005154DA /* Pretendard-Light.otf */ = {isa = PBXFileReference; lastKnownFileType = file; path = "Pretendard-Light.otf"; sourceTree = "<group>"; };
		D0F1227D2BBF006E005154DA /* Pretendard-Medium.otf */ = {isa = PBXFileReference; lastKnownFileType = file; path = "Pretendard-Medium.otf"; sourceTree = "<group>"; };
		D0F1227E2BBF006E005154DA /* Pretendard-ExtraLight.otf */ = {isa = PBXFileReference; lastKnownFileType = file; path = "Pretendard-ExtraLight.otf"; sourceTree = "<group>"; };
		D0F1227F2BBF006E005154DA /* Pretendard-Thin.otf */ = {isa = PBXFileReference; lastKnownFileType = file; path = "Pretendard-Thin.otf"; sourceTree = "<group>"; };
		D0F1228A2BBF04C6005154DA /* UITextField+.swift */ = {isa = PBXFileReference; lastKnownFileType = sourcecode.swift; path = "UITextField+.swift"; sourceTree = "<group>"; };
/* End PBXFileReference section */

/* Begin PBXFrameworksBuildPhase section */
		D0F122552BBEFB7D005154DA /* Frameworks */ = {
			isa = PBXFrameworksBuildPhase;
			buildActionMask = 2147483647;
			files = (
			);
			runOnlyForDeploymentPostprocessing = 0;
		};
/* End PBXFrameworksBuildPhase section */

/* Begin PBXGroup section */
		D0F1224F2BBEFB7D005154DA = {
			isa = PBXGroup;
			children = (
				D0F1225A2BBEFB7D005154DA /* 34th-Sopt-Seminar */,
				D0F122592BBEFB7D005154DA /* Products */,
			);
			sourceTree = "<group>";
		};
		D0F122592BBEFB7D005154DA /* Products */ = {
			isa = PBXGroup;
			children = (
				D0F122582BBEFB7D005154DA /* 34th-Sopt-Seminar.app */,
			);
			name = Products;
			sourceTree = "<group>";
		};
		D0F1225A2BBEFB7D005154DA /* 34th-Sopt-Seminar */ = {
			isa = PBXGroup;
			children = (
				D0F1225B2BBEFB7D005154DA /* AppDelegate.swift */,
				D0F1225D2BBEFB7D005154DA /* SceneDelegate.swift */,
				D0F1225F2BBEFB7D005154DA /* ViewController.swift */,
				D0F122892BBF04A2005154DA /* Extensions */,
				D0F122762BBF0056005154DA /* Fonts */,
				D0F122642BBEFB7F005154DA /* Assets.xcassets */,
				D0F122612BBEFB7D005154DA /* Main.storyboard */,
				D0F122662BBEFB7F005154DA /* LaunchScreen.storyboard */,
				D0F122692BBEFB7F005154DA /* Info.plist */,
				D0F1226F2BBEFC77005154DA /* Week1 */,
			);
			path = "34th-Sopt-Seminar";
			sourceTree = "<group>";
		};
		D0F1226F2BBEFC77005154DA /* Week1 */ = {
			isa = PBXGroup;
			children = (
				D0F122702BBEFC98005154DA /* LoginViewController.swift */,
				D0F122722BBEFCA8005154DA /* WelcomeViewController.swift */,
			);
			path = Week1;
			sourceTree = "<group>";
		};
		D0F122762BBF0056005154DA /* Fonts */ = {
			isa = PBXGroup;
			children = (
				D0F1227B2BBF006E005154DA /* Pretendard-Black.otf */,
				D0F122792BBF006E005154DA /* Pretendard-Bold.otf */,
				D0F122782BBF006E005154DA /* Pretendard-ExtraBold.otf */,
				D0F1227E2BBF006E005154DA /* Pretendard-ExtraLight.otf */,
				D0F1227C2BBF006E005154DA /* Pretendard-Light.otf */,
				D0F1227D2BBF006E005154DA /* Pretendard-Medium.otf */,
				D0F122772BBF006D005154DA /* Pretendard-Regular.otf */,
				D0F1227A2BBF006E005154DA /* Pretendard-SemiBold.otf */,
				D0F1227F2BBF006E005154DA /* Pretendard-Thin.otf */,
			);
			path = Fonts;
			sourceTree = "<group>";
		};
		D0F122892BBF04A2005154DA /* Extensions */ = {
			isa = PBXGroup;
			children = (
				D0F1228A2BBF04C6005154DA /* UITextField+.swift */,
			);
			path = Extensions;
			sourceTree = "<group>";
		};
/* End PBXGroup section */

/* Begin PBXNativeTarget section */
		D0F122572BBEFB7D005154DA /* 34th-Sopt-Seminar */ = {
			isa = PBXNativeTarget;
			buildConfigurationList = D0F1226C2BBEFB7F005154DA /* Build configuration list for PBXNativeTarget "34th-Sopt-Seminar" */;
			buildPhases = (
				D0F122542BBEFB7D005154DA /* Sources */,
				D0F122552BBEFB7D005154DA /* Frameworks */,
				D0F122562BBEFB7D005154DA /* Resources */,
			);
			buildRules = (
			);
			dependencies = (
			);
			name = "34th-Sopt-Seminar";
			productName = "34th-Sopt-Seminar";
			productReference = D0F122582BBEFB7D005154DA /* 34th-Sopt-Seminar.app */;
			productType = "com.apple.product-type.application";
		};
/* End PBXNativeTarget section */

/* Begin PBXProject section */
		D0F122502BBEFB7D005154DA /* Project object */ = {
			isa = PBXProject;
			attributes = {
				BuildIndependentTargetsInParallel = 1;
				LastSwiftUpdateCheck = 1530;
				LastUpgradeCheck = 1530;
				TargetAttributes = {
					D0F122572BBEFB7D005154DA = {
						CreatedOnToolsVersion = 15.3;
					};
				};
			};
			buildConfigurationList = D0F122532BBEFB7D005154DA /* Build configuration list for PBXProject "34th-Sopt-Seminar" */;
			compatibilityVersion = "Xcode 14.0";
			developmentRegion = en;
			hasScannedForEncodings = 0;
			knownRegions = (
				en,
				Base,
			);
			mainGroup = D0F1224F2BBEFB7D005154DA;
			productRefGroup = D0F122592BBEFB7D005154DA /* Products */;
			projectDirPath = "";
			projectRoot = "";
			targets = (
				D0F122572BBEFB7D005154DA /* 34th-Sopt-Seminar */,
			);
		};
/* End PBXProject section */

/* Begin PBXResourcesBuildPhase section */
		D0F122562BBEFB7D005154DA /* Resources */ = {
			isa = PBXResourcesBuildPhase;
			buildActionMask = 2147483647;
			files = (
				D0F122652BBEFB7F005154DA /* Assets.xcassets in Resources */,
				D0F122862BBF006E005154DA /* Pretendard-Medium.otf in Resources */,
				D0F122822BBF006E005154DA /* Pretendard-Bold.otf in Resources */,
				D0F122882BBF006E005154DA /* Pretendard-Thin.otf in Resources */,
				D0F122832BBF006E005154DA /* Pretendard-SemiBold.otf in Resources */,
				D0F122802BBF006E005154DA /* Pretendard-Regular.otf in Resources */,
				D0F122812BBF006E005154DA /* Pretendard-ExtraBold.otf in Resources */,
				D0F122682BBEFB7F005154DA /* Base in Resources */,
				D0F122842BBF006E005154DA /* Pretendard-Black.otf in Resources */,
				D0F122632BBEFB7D005154DA /* Base in Resources */,
				D0F122852BBF006E005154DA /* Pretendard-Light.otf in Resources */,
				D0F122872BBF006E005154DA /* Pretendard-ExtraLight.otf in Resources */,
			);
			runOnlyForDeploymentPostprocessing = 0;
		};
/* End PBXResourcesBuildPhase section */

/* Begin PBXSourcesBuildPhase section */
		D0F122542BBEFB7D005154DA /* Sources */ = {
			isa = PBXSourcesBuildPhase;
			buildActionMask = 2147483647;
			files = (
				D0F122712BBEFC98005154DA /* LoginViewController.swift in Sources */,
				D0F122732BBEFCA8005154DA /* WelcomeViewController.swift in Sources */,
				D0F122602BBEFB7D005154DA /* ViewController.swift in Sources */,
				D0F1228B2BBF04C6005154DA /* UITextField+.swift in Sources */,
				D0F1225C2BBEFB7D005154DA /* AppDelegate.swift in Sources */,
				D0F1225E2BBEFB7D005154DA /* SceneDelegate.swift in Sources */,
			);
			runOnlyForDeploymentPostprocessing = 0;
		};
/* End PBXSourcesBuildPhase section */

/* Begin PBXVariantGroup section */
		D0F122612BBEFB7D005154DA /* Main.storyboard */ = {
			isa = PBXVariantGroup;
			children = (
				D0F122622BBEFB7D005154DA /* Base */,
			);
			name = Main.storyboard;
			sourceTree = "<group>";
		};
		D0F122662BBEFB7F005154DA /* LaunchScreen.storyboard */ = {
			isa = PBXVariantGroup;
			children = (
				D0F122672BBEFB7F005154DA /* Base */,
			);
			name = LaunchScreen.storyboard;
			sourceTree = "<group>";
		};
/* End PBXVariantGroup section */

/* Begin XCBuildConfiguration section */
		D0F1226A2BBEFB7F005154DA /* Debug */ = {
			isa = XCBuildConfiguration;
			buildSettings = {
				ALWAYS_SEARCH_USER_PATHS = NO;
				ASSETCATALOG_COMPILER_GENERATE_SWIFT_ASSET_SYMBOL_EXTENSIONS = YES;
				CLANG_ANALYZER_NONNULL = YES;
				CLANG_ANALYZER_NUMBER_OBJECT_CONVERSION = YES_AGGRESSIVE;
				CLANG_CXX_LANGUAGE_STANDARD = "gnu++20";
				CLANG_ENABLE_MODULES = YES;
				CLANG_ENABLE_OBJC_ARC = YES;
				CLANG_ENABLE_OBJC_WEAK = YES;
				CLANG_WARN_BLOCK_CAPTURE_AUTORELEASING = YES;
				CLANG_WARN_BOOL_CONVERSION = YES;
				CLANG_WARN_COMMA = YES;
				CLANG_WARN_CONSTANT_CONVERSION = YES;
				CLANG_WARN_DEPRECATED_OBJC_IMPLEMENTATIONS = YES;
				CLANG_WARN_DIRECT_OBJC_ISA_USAGE = YES_ERROR;
				CLANG_WARN_DOCUMENTATION_COMMENTS = YES;
				CLANG_WARN_EMPTY_BODY = YES;
				CLANG_WARN_ENUM_CONVERSION = YES;
				CLANG_WARN_INFINITE_RECURSION = YES;
				CLANG_WARN_INT_CONVERSION = YES;
				CLANG_WARN_NON_LITERAL_NULL_CONVERSION = YES;
				CLANG_WARN_OBJC_IMPLICIT_RETAIN_SELF = YES;
				CLANG_WARN_OBJC_LITERAL_CONVERSION = YES;
				CLANG_WARN_OBJC_ROOT_CLASS = YES_ERROR;
				CLANG_WARN_QUOTED_INCLUDE_IN_FRAMEWORK_HEADER = YES;
				CLANG_WARN_RANGE_LOOP_ANALYSIS = YES;
				CLANG_WARN_STRICT_PROTOTYPES = YES;
				CLANG_WARN_SUSPICIOUS_MOVE = YES;
				CLANG_WARN_UNGUARDED_AVAILABILITY = YES_AGGRESSIVE;
				CLANG_WARN_UNREACHABLE_CODE = YES;
				CLANG_WARN__DUPLICATE_METHOD_MATCH = YES;
				COPY_PHASE_STRIP = NO;
				DEBUG_INFORMATION_FORMAT = dwarf;
				ENABLE_STRICT_OBJC_MSGSEND = YES;
				ENABLE_TESTABILITY = YES;
				ENABLE_USER_SCRIPT_SANDBOXING = YES;
				GCC_C_LANGUAGE_STANDARD = gnu17;
				GCC_DYNAMIC_NO_PIC = NO;
				GCC_NO_COMMON_BLOCKS = YES;
				GCC_OPTIMIZATION_LEVEL = 0;
				GCC_PREPROCESSOR_DEFINITIONS = (
					"DEBUG=1",
					"$(inherited)",
				);
				GCC_WARN_64_TO_32_BIT_CONVERSION = YES;
				GCC_WARN_ABOUT_RETURN_TYPE = YES_ERROR;
				GCC_WARN_UNDECLARED_SELECTOR = YES;
				GCC_WARN_UNINITIALIZED_AUTOS = YES_AGGRESSIVE;
				GCC_WARN_UNUSED_FUNCTION = YES;
				GCC_WARN_UNUSED_VARIABLE = YES;
				IPHONEOS_DEPLOYMENT_TARGET = 17.4;
				LOCALIZATION_PREFERS_STRING_CATALOGS = YES;
				MTL_ENABLE_DEBUG_INFO = INCLUDE_SOURCE;
				MTL_FAST_MATH = YES;
				ONLY_ACTIVE_ARCH = YES;
				SDKROOT = iphoneos;
				SWIFT_ACTIVE_COMPILATION_CONDITIONS = "DEBUG $(inherited)";
				SWIFT_OPTIMIZATION_LEVEL = "-Onone";
			};
			name = Debug;
		};
		D0F1226B2BBEFB7F005154DA /* Release */ = {
			isa = XCBuildConfiguration;
			buildSettings = {
				ALWAYS_SEARCH_USER_PATHS = NO;
				ASSETCATALOG_COMPILER_GENERATE_SWIFT_ASSET_SYMBOL_EXTENSIONS = YES;
				CLANG_ANALYZER_NONNULL = YES;
				CLANG_ANALYZER_NUMBER_OBJECT_CONVERSION = YES_AGGRESSIVE;
				CLANG_CXX_LANGUAGE_STANDARD = "gnu++20";
				CLANG_ENABLE_MODULES = YES;
				CLANG_ENABLE_OBJC_ARC = YES;
				CLANG_ENABLE_OBJC_WEAK = YES;
				CLANG_WARN_BLOCK_CAPTURE_AUTORELEASING = YES;
				CLANG_WARN_BOOL_CONVERSION = YES;
				CLANG_WARN_COMMA = YES;
				CLANG_WARN_CONSTANT_CONVERSION = YES;
				CLANG_WARN_DEPRECATED_OBJC_IMPLEMENTATIONS = YES;
				CLANG_WARN_DIRECT_OBJC_ISA_USAGE = YES_ERROR;
				CLANG_WARN_DOCUMENTATION_COMMENTS = YES;
				CLANG_WARN_EMPTY_BODY = YES;
				CLANG_WARN_ENUM_CONVERSION = YES;
				CLANG_WARN_INFINITE_RECURSION = YES;
				CLANG_WARN_INT_CONVERSION = YES;
				CLANG_WARN_NON_LITERAL_NULL_CONVERSION = YES;
				CLANG_WARN_OBJC_IMPLICIT_RETAIN_SELF = YES;
				CLANG_WARN_OBJC_LITERAL_CONVERSION = YES;
				CLANG_WARN_OBJC_ROOT_CLASS = YES_ERROR;
				CLANG_WARN_QUOTED_INCLUDE_IN_FRAMEWORK_HEADER = YES;
				CLANG_WARN_RANGE_LOOP_ANALYSIS = YES;
				CLANG_WARN_STRICT_PROTOTYPES = YES;
				CLANG_WARN_SUSPICIOUS_MOVE = YES;
				CLANG_WARN_UNGUARDED_AVAILABILITY = YES_AGGRESSIVE;
				CLANG_WARN_UNREACHABLE_CODE = YES;
				CLANG_WARN__DUPLICATE_METHOD_MATCH = YES;
				COPY_PHASE_STRIP = NO;
				DEBUG_INFORMATION_FORMAT = "dwarf-with-dsym";
				ENABLE_NS_ASSERTIONS = NO;
				ENABLE_STRICT_OBJC_MSGSEND = YES;
				ENABLE_USER_SCRIPT_SANDBOXING = YES;
				GCC_C_LANGUAGE_STANDARD = gnu17;
				GCC_NO_COMMON_BLOCKS = YES;
				GCC_WARN_64_TO_32_BIT_CONVERSION = YES;
				GCC_WARN_ABOUT_RETURN_TYPE = YES_ERROR;
				GCC_WARN_UNDECLARED_SELECTOR = YES;
				GCC_WARN_UNINITIALIZED_AUTOS = YES_AGGRESSIVE;
				GCC_WARN_UNUSED_FUNCTION = YES;
				GCC_WARN_UNUSED_VARIABLE = YES;
				IPHONEOS_DEPLOYMENT_TARGET = 17.4;
				LOCALIZATION_PREFERS_STRING_CATALOGS = YES;
				MTL_ENABLE_DEBUG_INFO = NO;
				MTL_FAST_MATH = YES;
				SDKROOT = iphoneos;
				SWIFT_COMPILATION_MODE = wholemodule;
				VALIDATE_PRODUCT = YES;
			};
			name = Release;
		};
		D0F1226D2BBEFB7F005154DA /* Debug */ = {
			isa = XCBuildConfiguration;
			buildSettings = {
				ASSETCATALOG_COMPILER_APPICON_NAME = AppIcon;
				ASSETCATALOG_COMPILER_GLOBAL_ACCENT_COLOR_NAME = AccentColor;
				CODE_SIGN_STYLE = Automatic;
				CURRENT_PROJECT_VERSION = 1;
				DEVELOPMENT_TEAM = X395BM5WW7;
				GENERATE_INFOPLIST_FILE = YES;
				INFOPLIST_FILE = "34th-Sopt-Seminar/Info.plist";
				INFOPLIST_KEY_UIApplicationSupportsIndirectInputEvents = YES;
				INFOPLIST_KEY_UILaunchStoryboardName = LaunchScreen;
				INFOPLIST_KEY_UIMainStoryboardFile = Main;
				INFOPLIST_KEY_UISupportedInterfaceOrientations_iPad = "UIInterfaceOrientationPortrait UIInterfaceOrientationPortraitUpsideDown UIInterfaceOrientationLandscapeLeft UIInterfaceOrientationLandscapeRight";
				INFOPLIST_KEY_UISupportedInterfaceOrientations_iPhone = "UIInterfaceOrientationPortrait UIInterfaceOrientationLandscapeLeft UIInterfaceOrientationLandscapeRight";
				LD_RUNPATH_SEARCH_PATHS = (
					"$(inherited)",
					"@executable_path/Frameworks",
				);
				MARKETING_VERSION = 1.0;
				PRODUCT_BUNDLE_IDENTIFIER = "Hyerin.-4th-Sopt-Seminar";
				PRODUCT_NAME = "$(TARGET_NAME)";
				SWIFT_EMIT_LOC_STRINGS = YES;
				SWIFT_VERSION = 5.0;
				TARGETED_DEVICE_FAMILY = "1,2";
			};
			name = Debug;
		};
		D0F1226E2BBEFB7F005154DA /* Release */ = {
			isa = XCBuildConfiguration;
			buildSettings = {
				ASSETCATALOG_COMPILER_APPICON_NAME = AppIcon;
				ASSETCATALOG_COMPILER_GLOBAL_ACCENT_COLOR_NAME = AccentColor;
				CODE_SIGN_STYLE = Automatic;
				CURRENT_PROJECT_VERSION = 1;
				DEVELOPMENT_TEAM = X395BM5WW7;
				GENERATE_INFOPLIST_FILE = YES;
				INFOPLIST_FILE = "34th-Sopt-Seminar/Info.plist";
				INFOPLIST_KEY_UIApplicationSupportsIndirectInputEvents = YES;
				INFOPLIST_KEY_UILaunchStoryboardName = LaunchScreen;
				INFOPLIST_KEY_UIMainStoryboardFile = Main;
				INFOPLIST_KEY_UISupportedInterfaceOrientations_iPad = "UIInterfaceOrientationPortrait UIInterfaceOrientationPortraitUpsideDown UIInterfaceOrientationLandscapeLeft UIInterfaceOrientationLandscapeRight";
				INFOPLIST_KEY_UISupportedInterfaceOrientations_iPhone = "UIInterfaceOrientationPortrait UIInterfaceOrientationLandscapeLeft UIInterfaceOrientationLandscapeRight";
				LD_RUNPATH_SEARCH_PATHS = (
					"$(inherited)",
					"@executable_path/Frameworks",
				);
				MARKETING_VERSION = 1.0;
				PRODUCT_BUNDLE_IDENTIFIER = "Hyerin.-4th-Sopt-Seminar";
				PRODUCT_NAME = "$(TARGET_NAME)";
				SWIFT_EMIT_LOC_STRINGS = YES;
				SWIFT_VERSION = 5.0;
				TARGETED_DEVICE_FAMILY = "1,2";
			};
			name = Release;
		};
/* End XCBuildConfiguration section */

/* Begin XCConfigurationList section */
		D0F122532BBEFB7D005154DA /* Build configuration list for PBXProject "34th-Sopt-Seminar" */ = {
			isa = XCConfigurationList;
			buildConfigurations = (
				D0F1226A2BBEFB7F005154DA /* Debug */,
				D0F1226B2BBEFB7F005154DA /* Release */,
			);
			defaultConfigurationIsVisible = 0;
			defaultConfigurationName = Release;
		};
		D0F1226C2BBEFB7F005154DA /* Build configuration list for PBXNativeTarget "34th-Sopt-Seminar" */ = {
			isa = XCConfigurationList;
			buildConfigurations = (
				D0F1226D2BBEFB7F005154DA /* Debug */,
				D0F1226E2BBEFB7F005154DA /* Release */,
			);
			defaultConfigurationIsVisible = 0;
			defaultConfigurationName = Release;
		};
/* End XCConfigurationList section */
	};
	rootObject = D0F122502BBEFB7D005154DA /* Project object */;
}
